// !$*UTF8*$!
{
	archiveVersion = 1;
	classes = {
	};
	objectVersion = 56;
	objects = {

/* Begin PBXBuildFile section */
		A100 /* AppDelegate.swift in Sources */ = {isa = PBXBuildFile; fileRef = A200 /* AppDelegate.swift */; };
		A101 /* CraftLinkApp.swift in Sources */ = {isa = PBXBuildFile; fileRef = A201 /* CraftLinkApp.swift */; };
		A102 /* RoomHistory.swift in Sources */ = {isa = PBXBuildFile; fileRef = A202 /* RoomHistory.swift */; };
		A103 /* PacketTunnelProvider.swift in Sources */ = {isa = PBXBuildFile; fileRef = A203 /* PacketTunnelProvider.swift */; };
		A104 /* InviteCodeService.swift in Sources */ = {isa = PBXBuildFile; fileRef = A204 /* InviteCodeService.swift */; };
		A105 /* RustBridge.swift in Sources */ = {isa = PBXBuildFile; fileRef = A205 /* RustBridge.swift */; };
		A106 /* VPNManager.swift in Sources */ = {isa = PBXBuildFile; fileRef = A206 /* VPNManager.swift */; };
		A107 /* BlurView.swift in Sources */ = {isa = PBXBuildFile; fileRef = A207 /* BlurView.swift */; };
		A108 /* ContentView.swift in Sources */ = {isa = PBXBuildFile; fileRef = A208 /* ContentView.swift */; };
		A109 /* CreateRoomView.swift in Sources */ = {isa = PBXBuildFile; fileRef = A209 /* CreateRoomView.swift */; };
		A10A /* LobbyViewController.swift in Sources */ = {isa = PBXBuildFile; fileRef = A20A /* LobbyViewController.swift */; };
		A10B /* SettingsViewController.swift in Sources */ = {isa = PBXBuildFile; fileRef = A20B /* SettingsViewController.swift */; };
		/* Frameworks */
		F001 /* NetworkExtension.framework in Frameworks */ = {isa = PBXBuildFile; fileRef = F100 /* NetworkExtension.framework */; };
		F002 /* Network.framework in Frameworks */ = {isa = PBXBuildFile; fileRef = F101 /* Network.framework */; };
		F003 /* Security.framework in Frameworks */ = {isa = PBXBuildFile; fileRef = F102 /* Security.framework */; };
		F004 /* SystemConfiguration.framework in Frameworks */ = {isa = PBXBuildFile; fileRef = F103 /* SystemConfiguration.framework */; };
		F005 /* libeasytier_ios.a in Frameworks */ = {isa = PBXBuildFile; fileRef = F104 /* libeasytier_ios.a */; };
		/* Embed App Extension */
		E001 /* PacketTunnel.appex in Embed App Extensions */ = {isa = PBXBuildFile; fileRef = E100 /* PacketTunnel.appex */; settings = {ATTRIBUTES = (RemoveHeadersOnCopy, ); }; };
/* End PBXBuildFile section */

/* Begin PBXContainerItemProxy section */
		P001 /* PBXContainerItemProxy */ = {
			isa = PBXContainerItemProxy;
			containerPortal = R001 /* Project object */;
			proxyType = 1;
			remoteGlobalIDString = T002 /* PacketTunnel */;
			remoteInfo = PacketTunnel;
		};
/* End PBXContainerItemProxy section */

/* Begin PBXCopyFilesBuildPhase section */
		C001 /* Embed App Extensions */ = {
			isa = PBXCopyFilesBuildPhase;
			buildActionMask = 2147483647;
			dstPath = "";
			dstSubfolderSpec = 13;
			files = (
				E001 /* PacketTunnel.appex in Embed App Extensions */,
			);
			name = "Embed App Extensions";
			runOnlyForDeploymentPostprocessing = 0;
		};
/* End PBXCopyFilesBuildPhase section */

/* Begin PBXFileReference section */
		A200 /* AppDelegate.swift */ = {isa = PBXFileReference; lastKnownFileType = sourcecode.swift; name = AppDelegate.swift; path = App/AppDelegate.swift; sourceTree = "<group>"; };
		A201 /* CraftLinkApp.swift */ = {isa = PBXFileReference; lastKnownFileType = sourcecode.swift; name = CraftLinkApp.swift; path = App/CraftLinkApp.swift; sourceTree = "<group>"; };
		A202 /* RoomHistory.swift */ = {isa = PBXFileReference; lastKnownFileType = sourcecode.swift; name = RoomHistory.swift; path = Models/RoomHistory.swift; sourceTree = "<group>"; };
		A203 /* PacketTunnelProvider.swift */ = {isa = PBXFileReference; lastKnownFileType = sourcecode.swift; name = PacketTunnelProvider.swift; path = PacketTunnel/PacketTunnelProvider.swift; sourceTree = "<group>"; };
		A204 /* InviteCodeService.swift */ = {isa = PBXFileReference; lastKnownFileType = sourcecode.swift; name = InviteCodeService.swift; path = Services/InviteCodeService.swift; sourceTree = "<group>"; };
		A205 /* RustBridge.swift */ = {isa = PBXFileReference; lastKnownFileType = sourcecode.swift; name = RustBridge.swift; path = Services/RustBridge.swift; sourceTree = "<group>"; };
		A206 /* VPNManager.swift */ = {isa = PBXFileReference; lastKnownFileType = sourcecode.swift; name = VPNManager.swift; path = Services/VPNManager.swift; sourceTree = "<group>"; };
		A207 /* BlurView.swift */ = {isa = PBXFileReference; lastKnownFileType = sourcecode.swift; name = BlurView.swift; path = Utils/BlurView.swift; sourceTree = "<group>"; };
		A208 /* ContentView.swift */ = {isa = PBXFileReference; lastKnownFileType = sourcecode.swift; name = ContentView.swift; path = Views/ContentView.swift; sourceTree = "<group>"; };
		A209 /* CreateRoomView.swift */ = {isa = PBXFileReference; lastKnownFileType = sourcecode.swift; name = CreateRoomView.swift; path = Views/CreateRoomView.swift; sourceTree = "<group>"; };
		A20A /* LobbyViewController.swift */ = {isa = PBXFileReference; lastKnownFileType = sourcecode.swift; name = LobbyViewController.swift; path = Views/LobbyViewController.swift; sourceTree = "<group>"; };
		A20B /* SettingsViewController.swift */ = {isa = PBXFileReference; lastKnownFileType = sourcecode.swift; name = SettingsViewController.swift; path = Views/SettingsViewController.swift; sourceTree = "<group>"; };
		/* Info.plist and entitlements */
		I100 /* Info.plist */ = {isa = PBXFileReference; lastKnownFileType = text.plist.xml; path = Info.plist; sourceTree = "<group>"; };
		I101 /* CraftLink.entitlements */ = {isa = PBXFileReference; lastKnownFileType = text.plist.entitlements; path = CraftLink.entitlements; sourceTree = "<group>"; };
		I102 /* PacketTunnel.entitlements */ = {isa = PBXFileReference; lastKnownFileType = text.plist.entitlements; name = PacketTunnel.entitlements; path = PacketTunnel/PacketTunnel.entitlements; sourceTree = "<group>"; };
		I103 /* PacketTunnel-Info.plist */ = {isa = PBXFileReference; lastKnownFileType = text.plist.xml; name = PacketTunnel-Info.plist; path = PacketTunnel/Info.plist; sourceTree = "<group>"; };
		/* Products */
		E100 /* PacketTunnel.appex */ = {isa = PBXFileReference; explicitFileType = wrapper.app-extension; includeInIndex = 0; path = PacketTunnel.appex; sourceTree = BUILT_PRODUCTS_DIR; };
		E101 /* CraftLink.app */ = {isa = PBXFileReference; explicitFileType = wrapper.application; includeInIndex = 0; path = CraftLink.app; sourceTree = BUILT_PRODUCTS_DIR; };
		/* Frameworks */
		F100 /* NetworkExtension.framework */ = {isa = PBXFileReference; lastKnownFileType = wrapper.framework; name = NetworkExtension.framework; path = System/Library/Frameworks/NetworkExtension.framework; sourceTree = SDKROOT; };
		F101 /* Network.framework */ = {isa = PBXFileReference; lastKnownFileType = wrapper.framework; name = Network.framework; path = System/Library/Frameworks/Network.framework; sourceTree = SDKROOT; };
		F102 /* Security.framework */ = {isa = PBXFileReference; lastKnownFileType = wrapper.framework; name = Security.framework; path = System/Library/Frameworks/Security.framework; sourceTree = SDKROOT; };
		F103 /* SystemConfiguration.framework */ = {isa = PBXFileReference; lastKnownFileType = wrapper.framework; name = SystemConfiguration.framework; path = System/Library/Frameworks/SystemConfiguration.framework; sourceTree = SDKROOT; };
		F104 /* libeasytier_ios.a */ = {isa = PBXFileReference; lastKnownFileType = archive.ar; name = libeasytier_ios.a; path = RustLib/libeasytier_ios.a; sourceTree = SOURCE_ROOT; };
/* End PBXFileReference section */

/* Begin PBXFrameworksBuildPhase section */
		X001 /* Frameworks */ = {
			isa = PBXFrameworksBuildPhase;
			buildActionMask = 2147483647;
			files = (
				F001 /* NetworkExtension.framework in Frameworks */,
				F002 /* Network.framework in Frameworks */,
				F003 /* Security.framework in Frameworks */,
				F004 /* SystemConfiguration.framework in Frameworks */,
			);
			runOnlyForDeploymentPostprocessing = 0;
		};
		X002 /* Frameworks */ = {
			isa = PBXFrameworksBuildPhase;
			buildActionMask = 2147483647;
			files = (
				F005 /* libeasytier_ios.a in Frameworks */,
			);
			runOnlyForDeploymentPostprocessing = 0;
		};
/* End PBXFrameworksBuildPhase section */

/* Begin PBXGroup section */
		G001 = {
			isa = PBXGroup;
			children = (
				G002 /* CraftLink */,
				G003 /* Products */,
				G004 /* Frameworks */,
			);
			sourceTree = "<group>";
		};
		G002 /* CraftLink */ = {
			isa = PBXGroup;
			children = (
				G005 /* App */,
				G006 /* Models */,
				G007 /* PacketTunnel */,
				G008 /* Services */,
				G009 /* Utils */,
				G00A /* Views */,
				I100 /* Info.plist */,
				I101 /* CraftLink.entitlements */,
			);
			path = "";
			sourceTree = "<group>";
		};
		G005 /* App */ = {
			isa = PBXGroup;
			children = (
				A200 /* AppDelegate.swift */,
				A201 /* CraftLinkApp.swift */,
			);
			path = App;
			sourceTree = "<group>";
		};
		G006 /* Models */ = {
			isa = PBXGroup;
			children = (
				A202 /* RoomHistory.swift */,
			);
			path = Models;
			sourceTree = "<group>";
		};
		G007 /* PacketTunnel */ = {
			isa = PBXGroup;
			children = (
				A203 /* PacketTunnelProvider.swift */,
				I102 /* PacketTunnel.entitlements */,
				I103 /* PacketTunnel-Info.plist */,
			);
			path = PacketTunnel;
			sourceTree = "<group>";
		};
		G008 /* Services */ = {
			isa = PBXGroup;
			children = (
				A204 /* InviteCodeService.swift */,
				A205 /* RustBridge.swift */,
				A206 /* VPNManager.swift */,
			);
			path = Services;
			sourceTree = "<group>";
		};
		G009 /* Utils */ = {
			isa = PBXGroup;
			children = (
				A207 /* BlurView.swift */,
			);
			path = Utils;
			sourceTree = "<group>";
		};
		G00A /* Views */ = {
			isa = PBXGroup;
			children = (
				A208 /* ContentView.swift */,
				A209 /* CreateRoomView.swift */,
				A20A /* LobbyViewController.swift */,
				A20B /* SettingsViewController.swift */,
			);
			path = Views;
			sourceTree = "<group>";
		};
		G003 /* Products */ = {
			isa = PBXGroup;
			children = (
				E101 /* CraftLink.app */,
				E100 /* PacketTunnel.appex */,
			);
			name = Products;
			sourceTree = "<group>";
		};
		G004 /* Frameworks */ = {
			isa = PBXGroup;
			children = (
				F100 /* NetworkExtension.framework */,
				F101 /* Network.framework */,
				F102 /* Security.framework */,
				F103 /* SystemConfiguration.framework */,
				F104 /* libeasytier_ios.a */,
			);
			name = Frameworks;
			sourceTree = "<group>";
		};
/* End PBXGroup section */

/* Begin PBXNativeTarget section */
		T001 /* CraftLink */ = {
			isa = PBXNativeTarget;
			buildConfigurationList = L001 /* Build configuration list for PBXNativeTarget "CraftLink" */;
			buildPhases = (
				Z001 /* Sources */,
				X001 /* Frameworks */,
				Z002 /* Resources */,
				C001 /* Embed App Extensions */,
			);
			buildRules = (
			);
			dependencies = (
				D001 /* PBXTargetDependency */,
			);
			name = CraftLink;
			productName = CraftLink;
			productReference = E101 /* CraftLink.app */;
			productType = "com.apple.product-type.application";
		};
		T002 /* PacketTunnel */ = {
			isa = PBXNativeTarget;
			buildConfigurationList = L002 /* Build configuration list for PBXNativeTarget "PacketTunnel" */;
			buildPhases = (
				Z003 /* Sources */,
				X002 /* Frameworks */,
				Z004 /* Resources */,
			);
			buildRules = (
			);
			dependencies = (
			);
			name = PacketTunnel;
			productName = PacketTunnel;
			productReference = E100 /* PacketTunnel.appex */;
			productType = "com.apple.product-type.app-extension";
		};
/* End PBXNativeTarget section */

/* Begin PBXProject section */
		R001 /* Project object */ = {
			isa = PBXProject;
			attributes = {
				LastSwiftUpdateCheck = 1500;
				LastUpgradeCheck = 1500;
				TargetAttributes = {
					T001 = {
						CreatedOnToolsVersion = 15.0;
						SystemCapabilities = {
							com.apple.ApplicationGroups.iOS = {
								enabled = 1;
							};
						};
					};
					T002 = {
						CreatedOnToolsVersion = 15.0;
						SystemCapabilities = {
							com.apple.ApplicationGroups.iOS = {
								enabled = 1;
							};
							com.apple.NetworkExtension = {
								enabled = 1;
							};
						};
					};
				};
			};
			buildConfigurationList = L003 /* Build configuration list for PBXProject "CraftLink" */;
			compatibilityVersion = "Xcode 14.0";
			developmentRegion = en;
			hasScannedForEncodings = 0;
			knownRegions = (
				en,
				Base,
			);
			mainGroup = G001;
			productRefGroup = G003 /* Products */;
			projectDirPath = "";
			projectRoot = "";
			targets = (
				T001 /* CraftLink */,
				T002 /* PacketTunnel */,
			);
		};
/* End PBXProject section */

/* Begin PBXResourcesBuildPhase section */
		Z002 /* Resources */ = {
			isa = PBXResourcesBuildPhase;
			buildActionMask = 2147483647;
			files = (
			);
			runOnlyForDeploymentPostprocessing = 0;
		};
		Z004 /* Resources */ = {
			isa = PBXResourcesBuildPhase;
			buildActionMask = 2147483647;
			files = (
			);
			runOnlyForDeploymentPostprocessing = 0;
		};
/* End PBXResourcesBuildPhase section */

/* Begin PBXSourcesBuildPhase section */
		Z001 /* Sources */ = {
			isa = PBXSourcesBuildPhase;
			buildActionMask = 2147483647;
			files = (
				A100 /* AppDelegate.swift in Sources */,
				A101 /* CraftLinkApp.swift in Sources */,
				A102 /* RoomHistory.swift in Sources */,
				A104 /* InviteCodeService.swift in Sources */,
				A105 /* RustBridge.swift in Sources */,
				A106 /* VPNManager.swift in Sources */,
				A107 /* BlurView.swift in Sources */,
				A108 /* ContentView.swift in Sources */,
				A109 /* CreateRoomView.swift in Sources */,
				A10A /* LobbyViewController.swift in Sources */,
				A10B /* SettingsViewController.swift in Sources */,
			);
			runOnlyForDeploymentPostprocessing = 0;
		};
		Z003 /* Sources */ = {
			isa = PBXSourcesBuildPhase;
			buildActionMask = 2147483647;
			files = (
				A103 /* PacketTunnelProvider.swift in Sources */,
			);
			runOnlyForDeploymentPostprocessing = 0;
		};
/* End PBXSourcesBuildPhase section */

/* Begin PBXTargetDependency section */
		D001 /* PBXTargetDependency */ = {
			isa = PBXTargetDependency;
			target = T002 /* PacketTunnel */;
			targetProxy = P001 /* PBXContainerItemProxy */;
		};
/* End PBXTargetDependency section */

/* Begin XCBuildConfiguration section */
		B001 /* Debug */ = {
			isa = XCBuildConfiguration;
			buildSettings = {
				ALWAYS_SEARCH_USER_PATHS = NO;
				ASSETCATALOG_COMPILER_GENERATE_SWIFT_ASSET_SYMBOL_EXTENSIONS = YES;
				CLANG_ANALYZER_NONNULL = YES;
				CLANG_ANALYZER_NUMBER_OBJECT_CONVERSION = YES_AGGRESSIVE;
				CLANG_CXX_LANGUAGE_STANDARD = "gnu++20";
				CLANG_ENABLE_MODULES = YES;
				CLANG_ENABLE_OBJC_ARC = YES;
				CLANG_ENABLE_OBJC_WEAK = YES;
				CLANG_WARN_BLOCK_CAPTURE_AUTORELEASING = YES;
				CLANG_WARN_BOOL_CONVERSION = YES;
				CLANG_WARN_COMMA = YES;
				CLANG_WARN_CONSTANT_CONVERSION = YES;
				CLANG_WARN_DEPRECATED_OBJC_IMPLEMENTATIONS = YES;
				CLANG_WARN_DIRECT_OBJC_ISA_USAGE = YES_ERROR;
				CLANG_WARN_DOCUMENTATION_COMMENTS = YES;
				CLANG_WARN_EMPTY_BODY = YES;
				CLANG_WARN_ENUM_CONVERSION = YES;
				CLANG_WARN_INFINITE_RECURSION = YES;
				CLANG_WARN_INT_CONVERSION = YES;
				CLANG_WARN_NON_LITERAL_NULL_CONVERSION = YES;
				CLANG_WARN_OBJC_IMPLICIT_RETAIN_SELF = YES;
				CLANG_WARN_OBJC_LITERAL_CONVERSION = YES;
				CLANG_WARN_OBJC_ROOT_CLASS = YES_ERROR;
				CLANG_WARN_QUOTED_INCLUDE_IN_FRAMEWORK_HEADER = YES;
				CLANG_WARN_RANGE_LOOP_ANALYSIS = YES;
				CLANG_WARN_STRICT_PROTOTYPES = YES;
				CLANG_WARN_SUSPICIOUS_MOVE = YES;
				CLANG_WARN_UNGUARDED_AVAILABILITY = YES_AGGRESSIVE;
				CLANG_WARN_UNREACHABLE_CODE = YES;
				CLANG_WARN__DUPLICATE_METHOD_MATCH = YES;
				COPY_PHASE_STRIP = NO;
				DEBUG_INFORMATION_FORMAT = dwarf;
				ENABLE_STRICT_OBJC_MSGSEND = YES;
				ENABLE_TESTABILITY = YES;
				ENABLE_USER_SCRIPT_SANDBOXING = YES;
				GCC_C_LANGUAGE_STANDARD = gnu17;
				GCC_DYNAMIC_NO_PIC = NO;
				GCC_NO_COMMON_BLOCKS = YES;
				GCC_OPTIMIZATION_LEVEL = 0;
				GCC_PREPROCESSOR_DEFINITIONS = (
					"DEBUG=1",
					"$(inherited)",
				);
				GCC_WARN_64_TO_32_BIT_CONVERSION = YES;
				GCC_WARN_ABOUT_RETURN_TYPE = YES_ERROR;
				GCC_WARN_UNDECLARED_SELECTOR = YES;
				GCC_WARN_UNINITIALIZED_AUTOS = YES_AGGRESSIVE;
				GCC_WARN_UNUSED_FUNCTION = YES;
				GCC_WARN_UNUSED_VARIABLE = YES;
				IPHONEOS_DEPLOYMENT_TARGET = 15.0;
				LOCALIZATION_PREFERS_STRING_CATALOGS = YES;
				MTL_ENABLE_DEBUG_INFO = INCLUDE_SOURCE;
				MTL_FAST_MATH = YES;
				ONLY_ACTIVE_ARCH = YES;
				SDKROOT = iphoneos;
				SWIFT_ACTIVE_COMPILATION_CONDITIONS = "DEBUG $(inherited)";
				SWIFT_OPTIMIZATION_LEVEL = "-Onone";
				SWIFT_VERSION = 5.0;
				TARGETED_DEVICE_FAMILY = "1,2";
			};
			name = Debug;
		};
		B002 /* Release */ = {
			isa = XCBuildConfiguration;
			buildSettings = {
				ALWAYS_SEARCH_USER_PATHS = NO;
				ASSETCATALOG_COMPILER_GENERATE_SWIFT_ASSET_SYMBOL_EXTENSIONS = YES;
				CLANG_ANALYZER_NONNULL = YES;
				CLANG_ANALYZER_NUMBER_OBJECT_CONVERSION = YES_AGGRESSIVE;
				CLANG_CXX_LANGUAGE_STANDARD = "gnu++20";
				CLANG_ENABLE_MODULES = YES;
				CLANG_ENABLE_OBJC_ARC = YES;
				CLANG_WARN_BLOCK_CAPTURE_AUTORELEASING = YES;
				CLANG_WARN_BOOL_CONVERSION = YES;
				CLANG_WARN_COMMA = YES;
				CLANG_WARN_CONSTANT_CONVERSION = YES;
				CLANG_WARN_DEPRECATED_OBJC_IMPLEMENTATIONS = YES;
				CLANG_WARN_DIRECT_OBJC_ISA_USAGE = YES_ERROR;
				CLANG_WARN_DOCUMENTATION_COMMENTS = YES;
				CLANG_WARN_EMPTY_BODY = YES;
				CLANG_WARN_ENUM_CONVERSION = YES;
				CLANG_WARN_INFINITE_RECURSION = YES;
				CLANG_WARN_INT_CONVERSION = YES;
				CLANG_WARN_NON_LITERAL_NULL_CONVERSION = YES;
				CLANG_WARN_OBJC_IMPLICIT_RETAIN_SELF = YES;
				CLANG_WARN_OBJC_LITERAL_CONVERSION = YES;
				CLANG_WARN_OBJC_ROOT_CLASS = YES_ERROR;
				CLANG_WARN_QUOTED_INCLUDE_IN_FRAMEWORK_HEADER = YES;
				CLANG_WARN_RANGE_LOOP_ANALYSIS = YES;
				CLANG_WARN_STRICT_PROTOTYPES = YES;
				CLANG_WARN_SUSPICIOUS_MOVE = YES;
				CLANG_WARN_UNGUARDED_AVAILABILITY = YES_AGGRESSIVE;
				CLANG_WARN_UNREACHABLE_CODE = YES;
				CLANG_WARN__DUPLICATE_METHOD_MATCH = YES;
				COPY_PHASE_STRIP = NO;
				DEBUG_INFORMATION_FORMAT = "dwarf-with-dsym";
				ENABLE_NS_ASSERTIONS = NO;
				ENABLE_STRICT_OBJC_MSGSEND = YES;
				ENABLE_USER_SCRIPT_SANDBOXING = YES;
				GCC_C_LANGUAGE_STANDARD = gnu17;
				GCC_NO_COMMON_BLOCKS = YES;
				GCC_WARN_64_TO_32_BIT_CONVERSION = YES;
				GCC_WARN_ABOUT_RETURN_TYPE = YES_ERROR;
				GCC_WARN_UNDECLARED_SELECTOR = YES;
				GCC_WARN_UNINITIALIZED_AUTOS = YES_AGGRESSIVE;
				GCC_WARN_UNUSED_FUNCTION = YES;
				GCC_WARN_UNUSED_VARIABLE = YES;
				IPHONEOS_DEPLOYMENT_TARGET = 15.0;
				LOCALIZATION_PREFERS_STRING_CATALOGS = YES;
				MTL_ENABLE_DEBUG_INFO = NO;
				MTL_FAST_MATH = YES;
				SDKROOT = iphoneos;
				SWIFT_COMPILATION_MODE = wholemodule;
				SWIFT_VERSION = 5.0;
				TARGETED_DEVICE_FAMILY = "1,2";
				VALIDATE_PRODUCT = YES;
			};
			name = Release;
		};
		B003 /* Debug */ = {
			isa = XCBuildConfiguration;
			buildSettings = {
				ASSETCATALOG_COMPILER_APPICON_NAME = AppIcon;
				CODE_SIGN_ENTITLEMENTS = CraftLink.entitlements;
				CODE_SIGN_STYLE = Manual;
				CURRENT_PROJECT_VERSION = 1;
				DEVELOPMENT_TEAM = "";
				ENABLE_BITCODE = NO;
				GENERATE_INFOPLIST_FILE = NO;
				INFOPLIST_FILE = Info.plist;
				INFOPLIST_KEY_NSNetworkExtensionUsageDescription = "此 VPN 用于 Minecraft P2P 联机";
				IPHONEOS_DEPLOYMENT_TARGET = 15.0;
				LD_RUNPATH_SEARCH_PATHS = "@executable_path/Frameworks";
				MARKETING_VERSION = 1.0.0;
				PRODUCT_BUNDLE_IDENTIFIER = com.craftlink.app;
				PRODUCT_NAME = "$(TARGET_NAME)";
				PROVISIONING_PROFILE_SPECIFIER = "";
				SWIFT_VERSION = 5.0;
			};
			name = Debug;
		};
		B004 /* Release */ = {
			isa = XCBuildConfiguration;
			buildSettings = {
				ASSETCATALOG_COMPILER_APPICON_NAME = AppIcon;
				CODE_SIGN_ENTITLEMENTS = CraftLink.entitlements;
				CODE_SIGN_STYLE = Manual;
				CURRENT_PROJECT_VERSION = 1;
				DEVELOPMENT_TEAM = "";
				ENABLE_BITCODE = NO;
				GENERATE_INFOPLIST_FILE = NO;
				INFOPLIST_FILE = Info.plist;
				INFOPLIST_KEY_NSNetworkExtensionUsageDescription = "此 VPN 用于 Minecraft P2P 联机";
				IPHONEOS_DEPLOYMENT_TARGET = 15.0;
				LD_RUNPATH_SEARCH_PATHS = "@executable_path/Frameworks";
				MARKETING_VERSION = 1.0.0;
				PRODUCT_BUNDLE_IDENTIFIER = com.craftlink.app;
				PRODUCT_NAME = "$(TARGET_NAME)";
				PROVISIONING_PROFILE_SPECIFIER = "";
				SWIFT_VERSION = 5.0;
			};
			name = Release;
		};
		B005 /* Debug */ = {
			isa = XCBuildConfiguration;
			buildSettings = {
				CODE_SIGN_ENTITLEMENTS = PacketTunnel/PacketTunnel.entitlements;
				CODE_SIGN_STYLE = Manual;
				CURRENT_PROJECT_VERSION = 1;
				DEVELOPMENT_TEAM = "";
				ENABLE_BITCODE = NO;
				GENERATE_INFOPLIST_FILE = NO;
				INFOPLIST_FILE = PacketTunnel/Info.plist;
				IPHONEOS_DEPLOYMENT_TARGET = 15.0;
				LD_RUNPATH_SEARCH_PATHS = "@executable_path/../../Frameworks";
				MARKETING_VERSION = 1.0.0;
				PRODUCT_BUNDLE_IDENTIFIER = com.craftlink.app.packet-tunnel;
				PRODUCT_NAME = "$(TARGET_NAME)";
				PROVISIONING_PROFILE_SPECIFIER = "";
				SKIP_INSTALL = YES;
				SWIFT_VERSION = 5.0;
			};
			name = Debug;
		};
		B006 /* Release */ = {
			isa = XCBuildConfiguration;
			buildSettings = {
				CODE_SIGN_ENTITLEMENTS = PacketTunnel/PacketTunnel.entitlements;
				CODE_SIGN_STYLE = Manual;
				CURRENT_PROJECT_VERSION = 1;
				DEVELOPMENT_TEAM = "";
				ENABLE_BITCODE = NO;
				GENERATE_INFOPLIST_FILE = NO;
				INFOPLIST_FILE = PacketTunnel/Info.plist;
				IPHONEOS_DEPLOYMENT_TARGET = 15.0;
				LD_RUNPATH_SEARCH_PATHS = "@executable_path/../../Frameworks";
				LIBRARY_SEARCH_PATHS = "$(PROJECT_DIR)/RustLib";
				MARKETING_VERSION = 1.0.0;
				OTHER_LDFLAGS = "-all_load -leasytier_ios -framework NetworkExtension";
				PRODUCT_BUNDLE_IDENTIFIER = com.craftlink.app.packet-tunnel;
				PRODUCT_NAME = "$(TARGET_NAME)";
				PROVISIONING_PROFILE_SPECIFIER = "";
				SKIP_INSTALL = YES;
				SWIFT_VERSION = 5.0;
			};
			name = Release;
		};
/* End XCBuildConfiguration section */

/* Begin XCConfigurationList section */
		L001 /* Build configuration list for PBXNativeTarget "CraftLink" */ = {
			isa = XCConfigurationList;
			buildConfigurations = (
				B003 /* Debug */,
				B004 /* Release */,
			);
			defaultConfigurationIsVisible = 0;
			defaultConfigurationName = Release;
		};
		L002 /* Build configuration list for PBXNativeTarget "PacketTunnel" */ = {
			isa = XCConfigurationList;
			buildConfigurations = (
				B005 /* Debug */,
				B006 /* Release */,
			);
			defaultConfigurationIsVisible = 0;
			defaultConfigurationName = Release;
		};
		L003 /* Build configuration list for PBXProject "CraftLink" */ = {
			isa = XCConfigurationList;
			buildConfigurations = (
				B001 /* Debug */,
				B002 /* Release */,
			);
			defaultConfigurationIsVisible = 0;
			defaultConfigurationName = Release;
		};
/* End XCConfigurationList section */

	};
	rootObject = R001 /* Project object */;
}